// !$*UTF8*$!
{
	archiveVersion = 1;
	classes = {
	};
	objectVersion = 56;
	objects = {

/* Begin PBXBuildFile section */
		CBFDC7EC2D550C3900F011B6 /* ProfileApp.swift in Sources */ = {isa = PBXBuildFile; fileRef = CBFDC7EB2D550C3900F011B6 /* ProfileApp.swift */; };
		CBFDC7EE2D550C3900F011B6 /* ContentView.swift in Sources */ = {isa = PBXBuildFile; fileRef = CBFDC7ED2D550C3900F011B6 /* ContentView.swift */; };
		CBFDC7F02D550C3A00F011B6 /* Assets.xcassets in Resources */ = {isa = PBXBuildFile; fileRef = CBFDC7EF2D550C3A00F011B6 /* Assets.xcassets */; };
		CBFDC7F32D550C3A00F011B6 /* Preview Assets.xcassets in Resources */ = {isa = PBXBuildFile; fileRef = CBFDC7F22D550C3A00F011B6 /* Preview Assets.xcassets */; };
		CBFDC7FD2D550C3A00F011B6 /* ProfileTests.swift in Sources */ = {isa = PBXBuildFile; fileRef = CBFDC7FC2D550C3A00F011B6 /* ProfileTests.swift */; };
		CBFDC8072D550C3A00F011B6 /* ProfileUITests.swift in Sources */ = {isa = PBXBuildFile; fileRef = CBFDC8062D550C3A00F011B6 /* ProfileUITests.swift */; };
		CBFDC8092D550C3A00F011B6 /* ProfileUITestsLaunchTests.swift in Sources */ = {isa = PBXBuildFile; fileRef = CBFDC8082D550C3A00F011B6 /* ProfileUITestsLaunchTests.swift */; };
		CBFDC8182D555CC600F011B6 /* BestFriendView.swift in Sources */ = {isa = PBXBuildFile; fileRef = CBFDC8172D555CC600F011B6 /* BestFriendView.swift */; };
/* End PBXBuildFile section */

/* Begin PBXContainerItemProxy section */
		CBFDC7F92D550C3A00F011B6 /* PBXContainerItemProxy */ = {
			isa = PBXContainerItemProxy;
			containerPortal = CBFDC7E02D550C3900F011B6 /* Project object */;
			proxyType = 1;
			remoteGlobalIDString = CBFDC7E72D550C3900F011B6;
			remoteInfo = Profile;
		};
		CBFDC8032D550C3A00F011B6 /* PBXContainerItemProxy */ = {
			isa = PBXContainerItemProxy;
			containerPortal = CBFDC7E02D550C3900F011B6 /* Project object */;
			proxyType = 1;
			remoteGlobalIDString = CBFDC7E72D550C3900F011B6;
			remoteInfo = Profile;
		};
/* End PBXContainerItemProxy section */

/* Begin PBXFileReference section */
		CBFDC7E82D550C3900F011B6 /* Profile.app */ = {isa = PBXFileReference; explicitFileType = wrapper.application; includeInIndex = 0; path = Profile.app; sourceTree = BUILT_PRODUCTS_DIR; };
		CBFDC7EB2D550C3900F011B6 /* ProfileApp.swift */ = {isa = PBXFileReference; lastKnownFileType = sourcecode.swift; path = ProfileApp.swift; sourceTree = "<group>"; };
		CBFDC7ED2D550C3900F011B6 /* ContentView.swift */ = {isa = PBXFileReference; lastKnownFileType = sourcecode.swift; path = ContentView.swift; sourceTree = "<group>"; };
		CBFDC7EF2D550C3A00F011B6 /* Assets.xcassets */ = {isa = PBXFileReference; lastKnownFileType = folder.assetcatalog; path = Assets.xcassets; sourceTree = "<group>"; };
		CBFDC7F22D550C3A00F011B6 /* Preview Assets.xcassets */ = {isa = PBXFileReference; lastKnownFileType = folder.assetcatalog; path = "Preview Assets.xcassets"; sourceTree = "<group>"; };
		CBFDC7F82D550C3A00F011B6 /* ProfileTests.xctest */ = {isa = PBXFileReference; explicitFileType = wrapper.cfbundle; includeInIndex = 0; path = ProfileTests.xctest; sourceTree = BUILT_PRODUCTS_DIR; };
		CBFDC7FC2D550C3A00F011B6 /* ProfileTests.swift */ = {isa = PBXFileReference; lastKnownFileType = sourcecode.swift; path = ProfileTests.swift; sourceTree = "<group>"; };
		CBFDC8022D550C3A00F011B6 /* ProfileUITests.xctest */ = {isa = PBXFileReference; explicitFileType = wrapper.cfbundle; includeInIndex = 0; path = ProfileUITests.xctest; sourceTree = BUILT_PRODUCTS_DIR; };
		CBFDC8062D550C3A00F011B6 /* ProfileUITests.swift */ = {isa = PBXFileReference; lastKnownFileType = sourcecode.swift; path = ProfileUITests.swift; sourceTree = "<group>"; };
		CBFDC8082D550C3A00F011B6 /* ProfileUITestsLaunchTests.swift */ = {isa = PBXFileReference; lastKnownFileType = sourcecode.swift; path = ProfileUITestsLaunchTests.swift; sourceTree = "<group>"; };
		CBFDC8172D555CC600F011B6 /* BestFriendView.swift */ = {isa = PBXFileReference; lastKnownFileType = sourcecode.swift; path = BestFriendView.swift; sourceTree = "<group>"; };
/* End PBXFileReference section */

/* Begin PBXFrameworksBuildPhase section */
		CBFDC7E52D550C3900F011B6 /* Frameworks */ = {
			isa = PBXFrameworksBuildPhase;
			buildActionMask = 2147483647;
			files = (
			);
			runOnlyForDeploymentPostprocessing = 0;
		};
		CBFDC7F52D550C3A00F011B6 /* Frameworks */ = {
			isa = PBXFrameworksBuildPhase;
			buildActionMask = 2147483647;
			files = (
			);
			runOnlyForDeploymentPostprocessing = 0;
		};
		CBFDC7FF2D550C3A00F011B6 /* Frameworks */ = {
			isa = PBXFrameworksBuildPhase;
			buildActionMask = 2147483647;
			files = (
			);
			runOnlyForDeploymentPostprocessing = 0;
		};
/* End PBXFrameworksBuildPhase section */

/* Begin PBXGroup section */
		CBFDC7DF2D550C3900F011B6 = {
			isa = PBXGroup;
			children = (
				CBFDC7EA2D550C3900F011B6 /* Profile */,
				CBFDC7FB2D550C3A00F011B6 /* ProfileTests */,
				CBFDC8052D550C3A00F011B6 /* ProfileUITests */,
				CBFDC7E92D550C3900F011B6 /* Products */,
			);
			sourceTree = "<group>";
		};
		CBFDC7E92D550C3900F011B6 /* Products */ = {
			isa = PBXGroup;
			children = (
				CBFDC7E82D550C3900F011B6 /* Profile.app */,
				CBFDC7F82D550C3A00F011B6 /* ProfileTests.xctest */,
				CBFDC8022D550C3A00F011B6 /* ProfileUITests.xctest */,
			);
			name = Products;
			sourceTree = "<group>";
		};
		CBFDC7EA2D550C3900F011B6 /* Profile */ = {
			isa = PBXGroup;
			children = (
				CBFDC7EB2D550C3900F011B6 /* ProfileApp.swift */,
				CBFDC7ED2D550C3900F011B6 /* ContentView.swift */,
				CBFDC7EF2D550C3A00F011B6 /* Assets.xcassets */,
				CBFDC7F12D550C3A00F011B6 /* Preview Content */,
				CBFDC8172D555CC600F011B6 /* BestFriendView.swift */,
			);
			path = Profile;
			sourceTree = "<group>";
		};
		CBFDC7F12D550C3A00F011B6 /* Preview Content */ = {
			isa = PBXGroup;
			children = (
				CBFDC7F22D550C3A00F011B6 /* Preview Assets.xcassets */,
			);
			path = "Preview Content";
			sourceTree = "<group>";
		};
		CBFDC7FB2D550C3A00F011B6 /* ProfileTests */ = {
			isa = PBXGroup;
			children = (
				CBFDC7FC2D550C3A00F011B6 /* ProfileTests.swift */,
			);
			path = ProfileTests;
			sourceTree = "<group>";
		};
		CBFDC8052D550C3A00F011B6 /* ProfileUITests */ = {
			isa = PBXGroup;
			children = (
				CBFDC8062D550C3A00F011B6 /* ProfileUITests.swift */,
				CBFDC8082D550C3A00F011B6 /* ProfileUITestsLaunchTests.swift */,
			);
			path = ProfileUITests;
			sourceTree = "<group>";
		};
/* End PBXGroup section */

/* Begin PBXNativeTarget section */
		CBFDC7E72D550C3900F011B6 /* Profile */ = {
			isa = PBXNativeTarget;
			buildConfigurationList = CBFDC80C2D550C3A00F011B6 /* Build configuration list for PBXNativeTarget "Profile" */;
			buildPhases = (
				CBFDC7E42D550C3900F011B6 /* Sources */,
				CBFDC7E52D550C3900F011B6 /* Frameworks */,
				CBFDC7E62D550C3900F011B6 /* Resources */,
			);
			buildRules = (
			);
			dependencies = (
			);
			name = Profile;
			productName = Profile;
			productReference = CBFDC7E82D550C3900F011B6 /* Profile.app */;
			productType = "com.apple.product-type.application";
		};
		CBFDC7F72D550C3A00F011B6 /* ProfileTests */ = {
			isa = PBXNativeTarget;
			buildConfigurationList = CBFDC80F2D550C3A00F011B6 /* Build configuration list for PBXNativeTarget "ProfileTests" */;
			buildPhases = (
				CBFDC7F42D550C3A00F011B6 /* Sources */,
				CBFDC7F52D550C3A00F011B6 /* Frameworks */,
				CBFDC7F62D550C3A00F011B6 /* Resources */,
			);
			buildRules = (
			);
			dependencies = (
				CBFDC7FA2D550C3A00F011B6 /* PBXTargetDependency */,
			);
			name = ProfileTests;
			productName = ProfileTests;
			productReference = CBFDC7F82D550C3A00F011B6 /* ProfileTests.xctest */;
			productType = "com.apple.product-type.bundle.unit-test";
		};
		CBFDC8012D550C3A00F011B6 /* ProfileUITests */ = {
			isa = PBXNativeTarget;
			buildConfigurationList = CBFDC8122D550C3A00F011B6 /* Build configuration list for PBXNativeTarget "ProfileUITests" */;
			buildPhases = (
				CBFDC7FE2D550C3A00F011B6 /* Sources */,
				CBFDC7FF2D550C3A00F011B6 /* Frameworks */,
				CBFDC8002D550C3A00F011B6 /* Resources */,
			);
			buildRules = (
			);
			dependencies = (
				CBFDC8042D550C3A00F011B6 /* PBXTargetDependency */,
			);
			name = ProfileUITests;
			productName = ProfileUITests;
			productReference = CBFDC8022D550C3A00F011B6 /* ProfileUITests.xctest */;
			productType = "com.apple.product-type.bundle.ui-testing";
		};
/* End PBXNativeTarget section */

/* Begin PBXProject section */
		CBFDC7E02D550C3900F011B6 /* Project object */ = {
			isa = PBXProject;
			attributes = {
				BuildIndependentTargetsInParallel = 1;
				LastSwiftUpdateCheck = 1520;
				LastUpgradeCheck = 1520;
				TargetAttributes = {
					CBFDC7E72D550C3900F011B6 = {
						CreatedOnToolsVersion = 15.2;
					};
					CBFDC7F72D550C3A00F011B6 = {
						CreatedOnToolsVersion = 15.2;
						TestTargetID = CBFDC7E72D550C3900F011B6;
					};
					CBFDC8012D550C3A00F011B6 = {
						CreatedOnToolsVersion = 15.2;
						TestTargetID = CBFDC7E72D550C3900F011B6;
					};
				};
			};
			buildConfigurationList = CBFDC7E32D550C3900F011B6 /* Build configuration list for PBXProject "Profile" */;
			compatibilityVersion = "Xcode 14.0";
			developmentRegion = en;
			hasScannedForEncodings = 0;
			knownRegions = (
				en,
				Base,
			);
			mainGroup = CBFDC7DF2D550C3900F011B6;
			productRefGroup = CBFDC7E92D550C3900F011B6 /* Products */;
			projectDirPath = "";
			projectRoot = "";
			targets = (
				CBFDC7E72D550C3900F011B6 /* Profile */,
				CBFDC7F72D550C3A00F011B6 /* ProfileTests */,
				CBFDC8012D550C3A00F011B6 /* ProfileUITests */,
			);
		};
/* End PBXProject section */

/* Begin PBXResourcesBuildPhase section */
		CBFDC7E62D550C3900F011B6 /* Resources */ = {
			isa = PBXResourcesBuildPhase;
			buildActionMask = 2147483647;
			files = (
				CBFDC7F32D550C3A00F011B6 /* Preview Assets.xcassets in Resources */,
				CBFDC7F02D550C3A00F011B6 /* Assets.xcassets in Resources */,
			);
			runOnlyForDeploymentPostprocessing = 0;
		};
		CBFDC7F62D550C3A00F011B6 /* Resources */ = {
			isa = PBXResourcesBuildPhase;
			buildActionMask = 2147483647;
			files = (
			);
			runOnlyForDeploymentPostprocessing = 0;
		};
		CBFDC8002D550C3A00F011B6 /* Resources */ = {
			isa = PBXResourcesBuildPhase;
			buildActionMask = 2147483647;
			files = (
			);
			runOnlyForDeploymentPostprocessing = 0;
		};
/* End PBXResourcesBuildPhase section */

/* Begin PBXSourcesBuildPhase section */
		CBFDC7E42D550C3900F011B6 /* Sources */ = {
			isa = PBXSourcesBuildPhase;
			buildActionMask = 2147483647;
			files = (
				CBFDC7EE2D550C3900F011B6 /* ContentView.swift in Sources */,
				CBFDC7EC2D550C3900F011B6 /* ProfileApp.swift in Sources */,
				CBFDC8182D555CC600F011B6 /* BestFriendView.swift in Sources */,
			);
			runOnlyForDeploymentPostprocessing = 0;
		};
		CBFDC7F42D550C3A00F011B6 /* Sources */ = {
			isa = PBXSourcesBuildPhase;
			buildActionMask = 2147483647;
			files = (
				CBFDC7FD2D550C3A00F011B6 /* ProfileTests.swift in Sources */,
			);
			runOnlyForDeploymentPostprocessing = 0;
		};
		CBFDC7FE2D550C3A00F011B6 /* Sources */ = {
			isa = PBXSourcesBuildPhase;
			buildActionMask = 2147483647;
			files = (
				CBFDC8092D550C3A00F011B6 /* ProfileUITestsLaunchTests.swift in Sources */,
				CBFDC8072D550C3A00F011B6 /* ProfileUITests.swift in Sources */,
			);
			runOnlyForDeploymentPostprocessing = 0;
		};
/* End PBXSourcesBuildPhase section */

/* Begin PBXTargetDependency section */
		CBFDC7FA2D550C3A00F011B6 /* PBXTargetDependency */ = {
			isa = PBXTargetDependency;
			target = CBFDC7E72D550C3900F011B6 /* Profile */;
			targetProxy = CBFDC7F92D550C3A00F011B6 /* PBXContainerItemProxy */;
		};
		CBFDC8042D550C3A00F011B6 /* PBXTargetDependency */ = {
			isa = PBXTargetDependency;
			target = CBFDC7E72D550C3900F011B6 /* Profile */;
			targetProxy = CBFDC8032D550C3A00F011B6 /* PBXContainerItemProxy */;
		};
/* End PBXTargetDependency section */

/* Begin XCBuildConfiguration section */
		CBFDC80A2D550C3A00F011B6 /* Debug */ = {
			isa = XCBuildConfiguration;
			buildSettings = {
				ALWAYS_SEARCH_USER_PATHS = NO;
				ASSETCATALOG_COMPILER_GENERATE_SWIFT_ASSET_SYMBOL_EXTENSIONS = YES;
				CLANG_ANALYZER_NONNULL = YES;
				CLANG_ANALYZER_NUMBER_OBJECT_CONVERSION = YES_AGGRESSIVE;
				CLANG_CXX_LANGUAGE_STANDARD = "gnu++20";
				CLANG_ENABLE_MODULES = YES;
				CLANG_ENABLE_OBJC_ARC = YES;
				CLANG_ENABLE_OBJC_WEAK = YES;
				CLANG_WARN_BLOCK_CAPTURE_AUTORELEASING = YES;
				CLANG_WARN_BOOL_CONVERSION = YES;
				CLANG_WARN_COMMA = YES;
				CLANG_WARN_CONSTANT_CONVERSION = YES;
				CLANG_WARN_DEPRECATED_OBJC_IMPLEMENTATIONS = YES;
				CLANG_WARN_DIRECT_OBJC_ISA_USAGE = YES_ERROR;
				CLANG_WARN_DOCUMENTATION_COMMENTS = YES;
				CLANG_WARN_EMPTY_BODY = YES;
				CLANG_WARN_ENUM_CONVERSION = YES;
				CLANG_WARN_INFINITE_RECURSION = YES;
				CLANG_WARN_INT_CONVERSION = YES;
				CLANG_WARN_NON_LITERAL_NULL_CONVERSION = YES;
				CLANG_WARN_OBJC_IMPLICIT_RETAIN_SELF = YES;
				CLANG_WARN_OBJC_LITERAL_CONVERSION = YES;
				CLANG_WARN_OBJC_ROOT_CLASS = YES_ERROR;
				CLANG_WARN_QUOTED_INCLUDE_IN_FRAMEWORK_HEADER = YES;
				CLANG_WARN_RANGE_LOOP_ANALYSIS = YES;
				CLANG_WARN_STRICT_PROTOTYPES = YES;
				CLANG_WARN_SUSPICIOUS_MOVE = YES;
				CLANG_WARN_UNGUARDED_AVAILABILITY = YES_AGGRESSIVE;
				CLANG_WARN_UNREACHABLE_CODE = YES;
				CLANG_WARN__DUPLICATE_METHOD_MATCH = YES;
				COPY_PHASE_STRIP = NO;
				DEBUG_INFORMATION_FORMAT = dwarf;
				ENABLE_STRICT_OBJC_MSGSEND = YES;
				ENABLE_TESTABILITY = YES;
				ENABLE_USER_SCRIPT_SANDBOXING = YES;
				GCC_C_LANGUAGE_STANDARD = gnu17;
				GCC_DYNAMIC_NO_PIC = NO;
				GCC_NO_COMMON_BLOCKS = YES;
				GCC_OPTIMIZATION_LEVEL = 0;
				GCC_PREPROCESSOR_DEFINITIONS = (
					"DEBUG=1",
					"$(inherited)",
				);
				GCC_WARN_64_TO_32_BIT_CONVERSION = YES;
				GCC_WARN_ABOUT_RETURN_TYPE = YES_ERROR;
				GCC_WARN_UNDECLARED_SELECTOR = YES;
				GCC_WARN_UNINITIALIZED_AUTOS = YES_AGGRESSIVE;
				GCC_WARN_UNUSED_FUNCTION = YES;
				GCC_WARN_UNUSED_VARIABLE = YES;
				IPHONEOS_DEPLOYMENT_TARGET = 17.2;
				LOCALIZATION_PREFERS_STRING_CATALOGS = YES;
				MTL_ENABLE_DEBUG_INFO = INCLUDE_SOURCE;
				MTL_FAST_MATH = YES;
				ONLY_ACTIVE_ARCH = YES;
				SDKROOT = iphoneos;
				SWIFT_ACTIVE_COMPILATION_CONDITIONS = "DEBUG $(inherited)";
				SWIFT_OPTIMIZATION_LEVEL = "-Onone";
			};
			name = Debug;
		};
		CBFDC80B2D550C3A00F011B6 /* Release */ = {
			isa = XCBuildConfiguration;
			buildSettings = {
				ALWAYS_SEARCH_USER_PATHS = NO;
				ASSETCATALOG_COMPILER_GENERATE_SWIFT_ASSET_SYMBOL_EXTENSIONS = YES;
				CLANG_ANALYZER_NONNULL = YES;
				CLANG_ANALYZER_NUMBER_OBJECT_CONVERSION = YES_AGGRESSIVE;
				CLANG_CXX_LANGUAGE_STANDARD = "gnu++20";
				CLANG_ENABLE_MODULES = YES;
				CLANG_ENABLE_OBJC_ARC = YES;
				CLANG_ENABLE_OBJC_WEAK = YES;
				CLANG_WARN_BLOCK_CAPTURE_AUTORELEASING = YES;
				CLANG_WARN_BOOL_CONVERSION = YES;
				CLANG_WARN_COMMA = YES;
				CLANG_WARN_CONSTANT_CONVERSION = YES;
				CLANG_WARN_DEPRECATED_OBJC_IMPLEMENTATIONS = YES;
				CLANG_WARN_DIRECT_OBJC_ISA_USAGE = YES_ERROR;
				CLANG_WARN_DOCUMENTATION_COMMENTS = YES;
				CLANG_WARN_EMPTY_BODY = YES;
				CLANG_WARN_ENUM_CONVERSION = YES;
				CLANG_WARN_INFINITE_RECURSION = YES;
				CLANG_WARN_INT_CONVERSION = YES;
				CLANG_WARN_NON_LITERAL_NULL_CONVERSION = YES;
				CLANG_WARN_OBJC_IMPLICIT_RETAIN_SELF = YES;
				CLANG_WARN_OBJC_LITERAL_CONVERSION = YES;
				CLANG_WARN_OBJC_ROOT_CLASS = YES_ERROR;
				CLANG_WARN_QUOTED_INCLUDE_IN_FRAMEWORK_HEADER = YES;
				CLANG_WARN_RANGE_LOOP_ANALYSIS = YES;
				CLANG_WARN_STRICT_PROTOTYPES = YES;
				CLANG_WARN_SUSPICIOUS_MOVE = YES;
				CLANG_WARN_UNGUARDED_AVAILABILITY = YES_AGGRESSIVE;
				CLANG_WARN_UNREACHABLE_CODE = YES;
				CLANG_WARN__DUPLICATE_METHOD_MATCH = YES;
				COPY_PHASE_STRIP = NO;
				DEBUG_INFORMATION_FORMAT = "dwarf-with-dsym";
				ENABLE_NS_ASSERTIONS = NO;
				ENABLE_STRICT_OBJC_MSGSEND = YES;
				ENABLE_USER_SCRIPT_SANDBOXING = YES;
				GCC_C_LANGUAGE_STANDARD = gnu17;
				GCC_NO_COMMON_BLOCKS = YES;
				GCC_WARN_64_TO_32_BIT_CONVERSION = YES;
				GCC_WARN_ABOUT_RETURN_TYPE = YES_ERROR;
				GCC_WARN_UNDECLARED_SELECTOR = YES;
				GCC_WARN_UNINITIALIZED_AUTOS = YES_AGGRESSIVE;
				GCC_WARN_UNUSED_FUNCTION = YES;
				GCC_WARN_UNUSED_VARIABLE = YES;
				IPHONEOS_DEPLOYMENT_TARGET = 17.2;
				LOCALIZATION_PREFERS_STRING_CATALOGS = YES;
				MTL_ENABLE_DEBUG_INFO = NO;
				MTL_FAST_MATH = YES;
				SDKROOT = iphoneos;
				SWIFT_COMPILATION_MODE = wholemodule;
				VALIDATE_PRODUCT = YES;
			};
			name = Release;
		};
		CBFDC80D2D550C3A00F011B6 /* Debug */ = {
			isa = XCBuildConfiguration;
			buildSettings = {
				ASSETCATALOG_COMPILER_APPICON_NAME = AppIcon;
				ASSETCATALOG_COMPILER_GLOBAL_ACCENT_COLOR_NAME = AccentColor;
				CODE_SIGN_STYLE = Automatic;
				CURRENT_PROJECT_VERSION = 1;
				DEVELOPMENT_ASSET_PATHS = "\"Profile/Preview Content\"";
				ENABLE_PREVIEWS = YES;
				GENERATE_INFOPLIST_FILE = YES;
				INFOPLIST_KEY_UIApplicationSceneManifest_Generation = YES;
				INFOPLIST_KEY_UIApplicationSupportsIndirectInputEvents = YES;
				INFOPLIST_KEY_UILaunchScreen_Generation = YES;
				INFOPLIST_KEY_UISupportedInterfaceOrientations_iPad = "UIInterfaceOrientationPortrait UIInterfaceOrientationPortraitUpsideDown UIInterfaceOrientationLandscapeLeft UIInterfaceOrientationLandscapeRight";
				INFOPLIST_KEY_UISupportedInterfaceOrientations_iPhone = "UIInterfaceOrientationPortrait UIInterfaceOrientationLandscapeLeft UIInterfaceOrientationLandscapeRight";
				LD_RUNPATH_SEARCH_PATHS = (
					"$(inherited)",
					"@executable_path/Frameworks",
				);
				MARKETING_VERSION = 1.0;
				PRODUCT_BUNDLE_IDENTIFIER = lab.Profile;
				PRODUCT_NAME = "$(TARGET_NAME)";
				SWIFT_EMIT_LOC_STRINGS = YES;
				SWIFT_VERSION = 5.0;
				TARGETED_DEVICE_FAMILY = "1,2";
			};
			name = Debug;
		};
		CBFDC80E2D550C3A00F011B6 /* Release */ = {
			isa = XCBuildConfiguration;
			buildSettings = {
				ASSETCATALOG_COMPILER_APPICON_NAME = AppIcon;
				ASSETCATALOG_COMPILER_GLOBAL_ACCENT_COLOR_NAME = AccentColor;
				CODE_SIGN_STYLE = Automatic;
				CURRENT_PROJECT_VERSION = 1;
				DEVELOPMENT_ASSET_PATHS = "\"Profile/Preview Content\"";
				ENABLE_PREVIEWS = YES;
				GENERATE_INFOPLIST_FILE = YES;
				INFOPLIST_KEY_UIApplicationSceneManifest_Generation = YES;
				INFOPLIST_KEY_UIApplicationSupportsIndirectInputEvents = YES;
				INFOPLIST_KEY_UILaunchScreen_Generation = YES;
				INFOPLIST_KEY_UISupportedInterfaceOrientations_iPad = "UIInterfaceOrientationPortrait UIInterfaceOrientationPortraitUpsideDown UIInterfaceOrientationLandscapeLeft UIInterfaceOrientationLandscapeRight";
				INFOPLIST_KEY_UISupportedInterfaceOrientations_iPhone = "UIInterfaceOrientationPortrait UIInterfaceOrientationLandscapeLeft UIInterfaceOrientationLandscapeRight";
				LD_RUNPATH_SEARCH_PATHS = (
					"$(inherited)",
					"@executable_path/Frameworks",
				);
				MARKETING_VERSION = 1.0;
				PRODUCT_BUNDLE_IDENTIFIER = lab.Profile;
				PRODUCT_NAME = "$(TARGET_NAME)";
				SWIFT_EMIT_LOC_STRINGS = YES;
				SWIFT_VERSION = 5.0;
				TARGETED_DEVICE_FAMILY = "1,2";
			};
			name = Release;
		};
		CBFDC8102D550C3A00F011B6 /* Debug */ = {
			isa = XCBuildConfiguration;
			buildSettings = {
				ALWAYS_EMBED_SWIFT_STANDARD_LIBRARIES = YES;
				BUNDLE_LOADER = "$(TEST_HOST)";
				CODE_SIGN_STYLE = Automatic;
				CURRENT_PROJECT_VERSION = 1;
				GENERATE_INFOPLIST_FILE = YES;
				IPHONEOS_DEPLOYMENT_TARGET = 17.2;
				MARKETING_VERSION = 1.0;
				PRODUCT_BUNDLE_IDENTIFIER = lab.ProfileTests;
				PRODUCT_NAME = "$(TARGET_NAME)";
				SWIFT_EMIT_LOC_STRINGS = NO;
				SWIFT_VERSION = 5.0;
				TARGETED_DEVICE_FAMILY = "1,2";
				TEST_HOST = "$(BUILT_PRODUCTS_DIR)/Profile.app/$(BUNDLE_EXECUTABLE_FOLDER_PATH)/Profile";
			};
			name = Debug;
		};
		CBFDC8112D550C3A00F011B6 /* Release */ = {
			isa = XCBuildConfiguration;
			buildSettings = {
				ALWAYS_EMBED_SWIFT_STANDARD_LIBRARIES = YES;
				BUNDLE_LOADER = "$(TEST_HOST)";
				CODE_SIGN_STYLE = Automatic;
				CURRENT_PROJECT_VERSION = 1;
				GENERATE_INFOPLIST_FILE = YES;
				IPHONEOS_DEPLOYMENT_TARGET = 17.2;
				MARKETING_VERSION = 1.0;
				PRODUCT_BUNDLE_IDENTIFIER = lab.ProfileTests;
				PRODUCT_NAME = "$(TARGET_NAME)";
				SWIFT_EMIT_LOC_STRINGS = NO;
				SWIFT_VERSION = 5.0;
				TARGETED_DEVICE_FAMILY = "1,2";
				TEST_HOST = "$(BUILT_PRODUCTS_DIR)/Profile.app/$(BUNDLE_EXECUTABLE_FOLDER_PATH)/Profile";
			};
			name = Release;
		};
		CBFDC8132D550C3A00F011B6 /* Debug */ = {
			isa = XCBuildConfiguration;
			buildSettings = {
				ALWAYS_EMBED_SWIFT_STANDARD_LIBRARIES = YES;
				CODE_SIGN_STYLE = Automatic;
				CURRENT_PROJECT_VERSION = 1;
				GENERATE_INFOPLIST_FILE = YES;
				MARKETING_VERSION = 1.0;
				PRODUCT_BUNDLE_IDENTIFIER = lab.ProfileUITests;
				PRODUCT_NAME = "$(TARGET_NAME)";
				SWIFT_EMIT_LOC_STRINGS = NO;
				SWIFT_VERSION = 5.0;
				TARGETED_DEVICE_FAMILY = "1,2";
				TEST_TARGET_NAME = Profile;
			};
			name = Debug;
		};
		CBFDC8142D550C3A00F011B6 /* Release */ = {
			isa = XCBuildConfiguration;
			buildSettings = {
				ALWAYS_EMBED_SWIFT_STANDARD_LIBRARIES = YES;
				CODE_SIGN_STYLE = Automatic;
				CURRENT_PROJECT_VERSION = 1;
				GENERATE_INFOPLIST_FILE = YES;
				MARKETING_VERSION = 1.0;
				PRODUCT_BUNDLE_IDENTIFIER = lab.ProfileUITests;
				PRODUCT_NAME = "$(TARGET_NAME)";
				SWIFT_EMIT_LOC_STRINGS = NO;
				SWIFT_VERSION = 5.0;
				TARGETED_DEVICE_FAMILY = "1,2";
				TEST_TARGET_NAME = Profile;
			};
			name = Release;
		};
/* End XCBuildConfiguration section */

/* Begin XCConfigurationList section */
		CBFDC7E32D550C3900F011B6 /* Build configuration list for PBXProject "Profile" */ = {
			isa = XCConfigurationList;
			buildConfigurations = (
				CBFDC80A2D550C3A00F011B6 /* Debug */,
				CBFDC80B2D550C3A00F011B6 /* Release */,
			);
			defaultConfigurationIsVisible = 0;
			defaultConfigurationName = Release;
		};
		CBFDC80C2D550C3A00F011B6 /* Build configuration list for PBXNativeTarget "Profile" */ = {
			isa = XCConfigurationList;
			buildConfigurations = (
				CBFDC80D2D550C3A00F011B6 /* Debug */,
				CBFDC80E2D550C3A00F011B6 /* Release */,
			);
			defaultConfigurationIsVisible = 0;
			defaultConfigurationName = Release;
		};
		CBFDC80F2D550C3A00F011B6 /* Build configuration list for PBXNativeTarget "ProfileTests" */ = {
			isa = XCConfigurationList;
			buildConfigurations = (
				CBFDC8102D550C3A00F011B6 /* Debug */,
				CBFDC8112D550C3A00F011B6 /* Release */,
			);
			defaultConfigurationIsVisible = 0;
			defaultConfigurationName = Release;
		};
		CBFDC8122D550C3A00F011B6 /* Build configuration list for PBXNativeTarget "ProfileUITests" */ = {
			isa = XCConfigurationList;
			buildConfigurations = (
				CBFDC8132D550C3A00F011B6 /* Debug */,
				CBFDC8142D550C3A00F011B6 /* Release */,
			);
			defaultConfigurationIsVisible = 0;
			defaultConfigurationName = Release;
		};
/* End XCConfigurationList section */
	};
	rootObject = CBFDC7E02D550C3900F011B6 /* Project object */;
}
